
Microsoft Visual Studio Solution File, Format Version 12.00
# Visual Studio 15
VisualStudioVersion = 15.0.28010.2046
MinimumVisualStudioVersion = 10.0.40219.1
Project("{9A19103F-16F7-4668-BE54-9A1E7A4F7556}") = "Tradingcenter.API", "Tradingcenter.API\Tradingcenter.API.csproj", "{AD106E09-B858-4BDD-BB97-A6B0110F1D42}"
EndProject
Project("{9A19103F-16F7-4668-BE54-9A1E7A4F7556}") = "Tradingcenter.Data", "Tradingcenter.Data\Tradingcenter.Data.csproj", "{60F30EEF-D027-481E-AEDF-F36DF562930F}"
EndProject
Project("{9A19103F-16F7-4668-BE54-9A1E7A4F7556}") = "Trainingcenter.Domain", "Trainingcenter.Domain\Trainingcenter.Domain.csproj", "{D6C06340-0E30-4A00-AA22-AD570B4A97BE}"
EndProject
Global
	GlobalSection(SolutionConfigurationPlatforms) = preSolution
		Debug|Any CPU = Debug|Any CPU
		Release|Any CPU = Release|Any CPU
	EndGlobalSection
	GlobalSection(ProjectConfigurationPlatforms) = postSolution
		{AD106E09-B858-4BDD-BB97-A6B0110F1D42}.Debug|Any CPU.ActiveCfg = Debug|Any CPU
		{AD106E09-B858-4BDD-BB97-A6B0110F1D42}.Debug|Any CPU.Build.0 = Debug|Any CPU
		{AD106E09-B858-4BDD-BB97-A6B0110F1D42}.Release|Any CPU.ActiveCfg = Release|Any CPU
		{AD106E09-B858-4BDD-BB97-A6B0110F1D42}.Release|Any CPU.Build.0 = Release|Any CPU
		{60F30EEF-D027-481E-AEDF-F36DF562930F}.Debug|Any CPU.ActiveCfg = Debug|Any CPU
		{60F30EEF-D027-481E-AEDF-F36DF562930F}.Debug|Any CPU.Build.0 = Debug|Any CPU
		{60F30EEF-D027-481E-AEDF-F36DF562930F}.Release|Any CPU.ActiveCfg = Release|Any CPU
		{60F30EEF-D027-481E-AEDF-F36DF562930F}.Release|Any CPU.Build.0 = Release|Any CPU
		{D6C06340-0E30-4A00-AA22-AD570B4A97BE}.Debug|Any CPU.ActiveCfg = Debug|Any CPU
		{D6C06340-0E30-4A00-AA22-AD570B4A97BE}.Debug|Any CPU.Build.0 = Debug|Any CPU
		{D6C06340-0E30-4A00-AA22-AD570B4A97BE}.Release|Any CPU.ActiveCfg = Release|Any CPU
		{D6C06340-0E30-4A00-AA22-AD570B4A97BE}.Release|Any CPU.Build.0 = Release|Any CPU
	EndGlobalSection
	GlobalSection(SolutionProperties) = preSolution
		HideSolutionNode = FALSE
	EndGlobalSection
	GlobalSection(ExtensibilityGlobals) = postSolution
		SolutionGuid = {C83FD242-F7FB-4E48-8D57-109BE44A2ADC}
	EndGlobalSection
EndGlobal
